PODS:
  - ActionSheetPicker-3.0 (1.7.0)
  - MBProgressHUD (0.9.1)
  - SDWebImage (3.7.3):
    - SDWebImage/Core (= 3.7.3)
  - SDWebImage/Core (3.7.3)

DEPENDENCIES:
  - ActionSheetPicker-3.0
  - MBProgressHUD (~> 0.9.1)
  - SDWebImage (~> 3.7)

SPEC CHECKSUMS:
  ActionSheetPicker-3.0: 6516052442fc8ca8f3cc4b3c7aa0436de12373df
  MBProgressHUD: c47f2c166c126cf2ce36498d80f33e754d4e93ad
  SDWebImage: 1d2b1a1efda1ade1b00b6f8498865f8ddedc8a84

COCOAPODS: 0.38.2
